
Microsoft Visual Studio Solution File, Format Version 12.00
Project("{FAE04EC0-301F-11D3-BF4B-00C04F79EFBC}") = "day07_ex00", "day07_ex00\day07_ex00.csproj", "{81BFEEC4-9E96-4C65-8083-72F1B78D4BA2}"
EndProject
Project("{FAE04EC0-301F-11D3-BF4B-00C04F79EFBC}") = "day07_ex01", "day07_ex01\day07_ex01.csproj", "{18505B01-28CB-4864-A402-DA289263F510}"
EndProject
Global
	GlobalSection(SolutionConfigurationPlatforms) = preSolution
		Debug|Any CPU = Debug|Any CPU
		Release|Any CPU = Release|Any CPU
	EndGlobalSection
	GlobalSection(ProjectConfigurationPlatforms) = postSolution
		{AF137E82-A47E-4708-9614-DF15C6A2D01C}.Debug|Any CPU.ActiveCfg = Debug|Any CPU
		{AF137E82-A47E-4708-9614-DF15C6A2D01C}.Debug|Any CPU.Build.0 = Debug|Any CPU
		{AF137E82-A47E-4708-9614-DF15C6A2D01C}.Release|Any CPU.ActiveCfg = Release|Any CPU
		{AF137E82-A47E-4708-9614-DF15C6A2D01C}.Release|Any CPU.Build.0 = Release|Any CPU
		{81BFEEC4-9E96-4C65-8083-72F1B78D4BA2}.Debug|Any CPU.ActiveCfg = Debug|Any CPU
		{81BFEEC4-9E96-4C65-8083-72F1B78D4BA2}.Debug|Any CPU.Build.0 = Debug|Any CPU
		{81BFEEC4-9E96-4C65-8083-72F1B78D4BA2}.Release|Any CPU.ActiveCfg = Release|Any CPU
		{81BFEEC4-9E96-4C65-8083-72F1B78D4BA2}.Release|Any CPU.Build.0 = Release|Any CPU
		{18505B01-28CB-4864-A402-DA289263F510}.Debug|Any CPU.ActiveCfg = Debug|Any CPU
		{18505B01-28CB-4864-A402-DA289263F510}.Debug|Any CPU.Build.0 = Debug|Any CPU
		{18505B01-28CB-4864-A402-DA289263F510}.Release|Any CPU.ActiveCfg = Release|Any CPU
		{18505B01-28CB-4864-A402-DA289263F510}.Release|Any CPU.Build.0 = Release|Any CPU
	EndGlobalSection
EndGlobal
