
Microsoft Visual Studio Solution File, Format Version 12.00
Project("{FAE04EC0-301F-11D3-BF4B-00C04F79EFBC}") = "day03", "day03.csproj", "{B39FE68F-471B-4084-8D87-9DFA6194BD6F}"
EndProject
Global
	GlobalSection(SolutionConfigurationPlatforms) = preSolution
		Debug|Any CPU = Debug|Any CPU
		Release|Any CPU = Release|Any CPU
	EndGlobalSection
	GlobalSection(ProjectConfigurationPlatforms) = postSolution
		{F2C07970-5F28-44E9-BCBD-F1C828C7B609}.Debug|Any CPU.ActiveCfg = Debug|Any CPU
		{F2C07970-5F28-44E9-BCBD-F1C828C7B609}.Debug|Any CPU.Build.0 = Debug|Any CPU
		{F2C07970-5F28-44E9-BCBD-F1C828C7B609}.Release|Any CPU.ActiveCfg = Release|Any CPU
		{F2C07970-5F28-44E9-BCBD-F1C828C7B609}.Release|Any CPU.Build.0 = Release|Any CPU
		{B39FE68F-471B-4084-8D87-9DFA6194BD6F}.Debug|Any CPU.ActiveCfg = Debug|Any CPU
		{B39FE68F-471B-4084-8D87-9DFA6194BD6F}.Debug|Any CPU.Build.0 = Debug|Any CPU
		{B39FE68F-471B-4084-8D87-9DFA6194BD6F}.Release|Any CPU.ActiveCfg = Release|Any CPU
		{B39FE68F-471B-4084-8D87-9DFA6194BD6F}.Release|Any CPU.Build.0 = Release|Any CPU
	EndGlobalSection
EndGlobal
