
Microsoft Visual Studio Solution File, Format Version 12.00
Project("{FAE04EC0-301F-11D3-BF4B-00C04F79EFBC}") = "test", "test\test.csproj", "{C8EA7FA7-BF12-4F06-8242-C78989256FCA}"
EndProject
Global
	GlobalSection(SolutionConfigurationPlatforms) = preSolution
		Debug|Any CPU = Debug|Any CPU
		Release|Any CPU = Release|Any CPU
	EndGlobalSection
	GlobalSection(ProjectConfigurationPlatforms) = postSolution
		{C8EA7FA7-BF12-4F06-8242-C78989256FCA}.Debug|Any CPU.ActiveCfg = Debug|Any CPU
		{C8EA7FA7-BF12-4F06-8242-C78989256FCA}.Debug|Any CPU.Build.0 = Debug|Any CPU
		{C8EA7FA7-BF12-4F06-8242-C78989256FCA}.Release|Any CPU.ActiveCfg = Release|Any CPU
		{C8EA7FA7-BF12-4F06-8242-C78989256FCA}.Release|Any CPU.Build.0 = Release|Any CPU
	EndGlobalSection
EndGlobal
