
Microsoft Visual Studio Solution File, Format Version 12.00
Project("{FAE04EC0-301F-11D3-BF4B-00C04F79EFBC}") = "d_01", "d_01\d_01.csproj", "{EEC30765-8CCF-4C81-8BB9-BEF722EBF8B1}"
EndProject
Global
	GlobalSection(SolutionConfigurationPlatforms) = preSolution
		Debug|Any CPU = Debug|Any CPU
		Release|Any CPU = Release|Any CPU
	EndGlobalSection
	GlobalSection(ProjectConfigurationPlatforms) = postSolution
		{EEC30765-8CCF-4C81-8BB9-BEF722EBF8B1}.Debug|Any CPU.ActiveCfg = Debug|Any CPU
		{EEC30765-8CCF-4C81-8BB9-BEF722EBF8B1}.Debug|Any CPU.Build.0 = Debug|Any CPU
		{EEC30765-8CCF-4C81-8BB9-BEF722EBF8B1}.Release|Any CPU.ActiveCfg = Release|Any CPU
		{EEC30765-8CCF-4C81-8BB9-BEF722EBF8B1}.Release|Any CPU.Build.0 = Release|Any CPU
	EndGlobalSection
EndGlobal
